
Microsoft Visual Studio Solution File, Format Version 12.00
# Visual Studio Version 16
VisualStudioVersion = 16.0.30523.141
MinimumVisualStudioVersion = 10.0.40219.1
Project("{FAE04EC0-301F-11D3-BF4B-00C04F79EFBC}") = "FeedbackApp", "FeedbackApp\FeedbackApp.csproj", "{A17D6B2B-C2E5-4B6D-AA19-FAE64DA5B381}"
EndProject
Global
	GlobalSection(SolutionConfigurationPlatforms) = preSolution
		Debug|Any CPU = Debug|Any CPU
		Release|Any CPU = Release|Any CPU
	EndGlobalSection
	GlobalSection(ProjectConfigurationPlatforms) = postSolution
		{A17D6B2B-C2E5-4B6D-AA19-FAE64DA5B381}.Debug|Any CPU.ActiveCfg = Debug|Any CPU
		{A17D6B2B-C2E5-4B6D-AA19-FAE64DA5B381}.Debug|Any CPU.Build.0 = Debug|Any CPU
		{A17D6B2B-C2E5-4B6D-AA19-FAE64DA5B381}.Release|Any CPU.ActiveCfg = Release|Any CPU
		{A17D6B2B-C2E5-4B6D-AA19-FAE64DA5B381}.Release|Any CPU.Build.0 = Release|Any CPU
	EndGlobalSection
	GlobalSection(SolutionProperties) = preSolution
		HideSolutionNode = FALSE
	EndGlobalSection
	GlobalSection(ExtensibilityGlobals) = postSolution
		SolutionGuid = {A5D2530B-015E-4373-8DEE-7FF4023F0606}
	EndGlobalSection
EndGlobal
